{
  "requires": true,
  "lockfileVersion": 1,
  "dependencies": {
    "hoist-non-react-statics": {
      "version": "3.3.0",
      "resolved": "http://registry.npm.taobao.org/hoist-non-react-statics/download/hoist-non-react-statics-3.3.0.tgz",
      "integrity": "sha1-sJF48BIhhPuVrPUl2q7LTY9FlYs=",
      "requires": {
        "react-is": "^16.7.0"
      }
    },
    "mobx": {
      "version": "5.9.0",
      "resolved": "http://registry.npm.taobao.org/mobx/download/mobx-5.9.0.tgz",
      "integrity": "sha1-oI7dcTJ4f3cUCcnDN4il32b/fOc="
    },
    "mobx-react": {
      "version": "5.4.3",
      "resolved": "http://registry.npm.taobao.org/mobx-react/download/mobx-react-5.4.3.tgz",
      "integrity": "sha1-Zwm33YlnDEDpgVkUrCyknMAr+0c=",
      "requires": {
        "hoist-non-react-statics": "^3.0.0",
        "react-lifecycles-compat": "^3.0.2"
      }
    },
    "react-is": {
      "version": "16.8.4",
      "resolved": "http://registry.npm.taobao.org/react-is/download/react-is-16.8.4.tgz",
      "integrity": "sha1-kPM2pow6KaCWo9ZIq4DofsYUgqI="
    },
    "react-lifecycles-compat": {
      "version": "3.0.4",
      "resolved": "http://registry.npm.taobao.org/react-lifecycles-compat/download/react-lifecycles-compat-3.0.4.tgz",
      "integrity": "sha1-TxonOv38jzSIqMUWv9p4+HI1I2I="
    }
  }
}
